
Microsoft Visual Studio Solution File, Format Version 12.00
# Visual Studio Version 17
VisualStudioVersion = 17.9.34902.65
MinimumVisualStudioVersion = 10.0.40219.1
Project("{FAE04EC0-301F-11D3-BF4B-00C04F79EFBC}") = "TutorsBro", "TutorsBro.csproj", "{58D2A0DF-88AC-4248-B8C1-627DF7BD50E2}"
EndProject
Global
	GlobalSection(SolutionConfigurationPlatforms) = preSolution
		Debug|Any CPU = Debug|Any CPU
		Release|Any CPU = Release|Any CPU
	EndGlobalSection
	GlobalSection(ProjectConfigurationPlatforms) = postSolution
		{58D2A0DF-88AC-4248-B8C1-627DF7BD50E2}.Debug|Any CPU.ActiveCfg = Debug|Any CPU
		{58D2A0DF-88AC-4248-B8C1-627DF7BD50E2}.Debug|Any CPU.Build.0 = Debug|Any CPU
		{58D2A0DF-88AC-4248-B8C1-627DF7BD50E2}.Debug|Any CPU.Deploy.0 = Debug|Any CPU
		{58D2A0DF-88AC-4248-B8C1-627DF7BD50E2}.Release|Any CPU.ActiveCfg = Release|Any CPU
		{58D2A0DF-88AC-4248-B8C1-627DF7BD50E2}.Release|Any CPU.Build.0 = Release|Any CPU
		{58D2A0DF-88AC-4248-B8C1-627DF7BD50E2}.Release|Any CPU.Deploy.0 = Release|Any CPU
	EndGlobalSection
	GlobalSection(SolutionProperties) = preSolution
		HideSolutionNode = FALSE
	EndGlobalSection
	GlobalSection(ExtensibilityGlobals) = postSolution
		SolutionGuid = {14447AC4-97E7-49A9-9AA7-219FAD078FE2}
	EndGlobalSection
EndGlobal
